
Microsoft Visual Studio Solution File, Format Version 12.00
# Visual Studio Version 17
VisualStudioVersion = 17.2.32519.379
MinimumVisualStudioVersion = 10.0.40219.1
Project("{FAE04EC0-301F-11D3-BF4B-00C04F79EFBC}") = "PowerLine.Maksim.Kulebyakin.Test.Task", "PowerLine.Maksim.Kulebyakin.Test.Task\PowerLine.Maksim.Kulebyakin.Test.Task.csproj", "{4673C6ED-62A9-4F00-824F-9CA85A03EA23}"
EndProject
Global
	GlobalSection(SolutionConfigurationPlatforms) = preSolution
		Debug|Any CPU = Debug|Any CPU
		Release|Any CPU = Release|Any CPU
	EndGlobalSection
	GlobalSection(ProjectConfigurationPlatforms) = postSolution
		{4673C6ED-62A9-4F00-824F-9CA85A03EA23}.Debug|Any CPU.ActiveCfg = Debug|Any CPU
		{4673C6ED-62A9-4F00-824F-9CA85A03EA23}.Debug|Any CPU.Build.0 = Debug|Any CPU
		{4673C6ED-62A9-4F00-824F-9CA85A03EA23}.Release|Any CPU.ActiveCfg = Release|Any CPU
		{4673C6ED-62A9-4F00-824F-9CA85A03EA23}.Release|Any CPU.Build.0 = Release|Any CPU
	EndGlobalSection
	GlobalSection(SolutionProperties) = preSolution
		HideSolutionNode = FALSE
	EndGlobalSection
	GlobalSection(ExtensibilityGlobals) = postSolution
		SolutionGuid = {88FCFF2E-C35E-4689-9135-464491EF6305}
	EndGlobalSection
EndGlobal
